{
  "version": 4,
  "terraform_version": "1.5.7",
  "serial": 311,
  "lineage": "311557cb-7322-bb71-7492-4e3db43b0d61",
  "outputs": {},
  "resources": [
    {
      "mode": "managed",
      "type": "null_resource",
      "name": "cleanup",
      "provider": "provider[\"registry.terraform.io/hashicorp/null\"]",
      "instances": [
        {
          "schema_version": 0,
          "attributes": {
            "id": "8978650458790942735",
            "triggers": null
          },
          "sensitive_attributes": []
        }
      ]
    },
    {
      "mode": "managed",
      "type": "null_resource",
      "name": "init_master",
      "provider": "provider[\"registry.terraform.io/hashicorp/null\"]",
      "instances": []
    },
    {
      "mode": "managed",
      "type": "null_resource",
      "name": "install_app",
      "provider": "provider[\"registry.terraform.io/hashicorp/null\"]",
      "instances": []
    },
    {
      "mode": "managed",
      "type": "null_resource",
      "name": "join_win_worker_node",
      "provider": "provider[\"registry.terraform.io/hashicorp/null\"]",
      "instances": []
    },
    {
      "mode": "managed",
      "type": "null_resource",
      "name": "join_worker",
      "provider": "provider[\"registry.terraform.io/hashicorp/null\"]",
      "instances": []
    },
    {
      "mode": "managed",
      "type": "null_resource",
      "name": "rename_win_worker",
      "provider": "provider[\"registry.terraform.io/hashicorp/null\"]",
      "instances": []
    },
    {
      "mode": "managed",
      "type": "null_resource",
      "name": "restart_worker",
      "provider": "provider[\"registry.terraform.io/hashicorp/null\"]",
      "instances": []
    },
    {
      "mode": "managed",
      "type": "null_resource",
      "name": "setup_network",
      "provider": "provider[\"registry.terraform.io/hashicorp/null\"]",
      "instances": []
    },
    {
      "mode": "managed",
      "type": "null_resource",
      "name": "setup_work_nodes",
      "provider": "provider[\"registry.terraform.io/hashicorp/null\"]",
      "instances": [
        {
          "index_key": 0,
          "schema_version": 0,
          "attributes": {
            "id": "8661288562175927274",
            "triggers": null
          },
          "sensitive_attributes": [],
          "dependencies": [
            "module.worker_domain.data.external.address",
            "module.worker_domain.proxmox_virtual_environment_vm.node"
          ]
        },
        {
          "index_key": 1,
          "schema_version": 0,
          "attributes": {
            "id": "4530131831083542807",
            "triggers": null
          },
          "sensitive_attributes": [],
          "dependencies": [
            "module.worker_domain.data.external.address",
            "module.worker_domain.proxmox_virtual_environment_vm.node"
          ]
        },
        {
          "index_key": 2,
          "schema_version": 0,
          "attributes": {
            "id": "5406249907350878067",
            "triggers": null
          },
          "sensitive_attributes": [],
          "dependencies": [
            "module.worker_domain.data.external.address",
            "module.worker_domain.proxmox_virtual_environment_vm.node"
          ]
        }
      ]
    },
    {
      "module": "module.master_domain[0]",
      "mode": "data",
      "type": "external",
      "name": "address",
      "provider": "provider[\"registry.terraform.io/hashicorp/external\"]",
      "instances": []
    },
    {
      "module": "module.master_domain[0]",
      "mode": "managed",
      "type": "proxmox_virtual_environment_vm",
      "name": "node",
      "provider": "provider[\"registry.terraform.io/bpg/proxmox\"]",
      "instances": [
        {
          "status": "tainted",
          "schema_version": 0,
          "attributes": {
            "acpi": true,
            "agent": [
              {
                "enabled": true,
                "timeout": "10s",
                "trim": false,
                "type": "virtio"
              }
            ],
            "audio_device": [],
            "bios": "seabios",
            "boot_order": null,
            "cdrom": [],
            "clone": [
              {
                "datastore_id": "",
                "full": true,
                "node_name": "",
                "retries": 3,
                "vm_id": 1031
              }
            ],
            "cpu": [
              {
                "architecture": "x86_64",
                "cores": 4,
                "flags": null,
                "hotplugged": 0,
                "numa": false,
                "sockets": 1,
                "type": "host",
                "units": 1024
              }
            ],
            "description": null,
            "disk": [
              {
                "cache": "none",
                "datastore_id": "local-zfs",
                "discard": "",
                "file_format": "",
                "file_id": "",
                "interface": "scsi0",
                "iothread": false,
                "path_in_datastore": "",
                "size": 60,
                "speed": [],
                "ssd": false
              }
            ],
            "efi_disk": [],
            "hostpci": [],
            "id": "109",
            "initialization": [
              {
                "datastore_id": "local-zfs",
                "dns": [],
                "interface": "",
                "ip_config": [
                  {
                    "ipv4": [
                      {
                        "address": "dhcp",
                        "gateway": ""
                      }
                    ],
                    "ipv6": [
                      {
                        "address": "dhcp",
                        "gateway": ""
                      }
                    ]
                  }
                ],
                "meta_data_file_id": "",
                "network_data_file_id": "",
                "type": "",
                "user_account": [
                  {
                    "keys": [
                      "ssh-rsa AAAAB3NzaC1yc2EAAAADAQABAAABAQDHQPduvBBBOALoMK0SMb9oXkORwB4G6pD1ZoNyASTfWmQ0mP/GIUnMoi5RdxOgoHEP9fg+ktqw66Zeamfxa22GYltZf9ayf9rSnENbQeGgbNTFShjYE6q675ryPyx/kWf+yWWdPV4KBg1rjqdWyxcd12f2BPi9cXU1q9W03b2VMrNhuC9lzPD3Fitto/yrlJQ7iVbVn/TvAIJxOAQ/v5wa/QA2uxZ2e95khMfy8t26u2KA5KcHTZ4b/OPq2pjGTeAebfKiB7Ou07fC9NHYp7vj4TZ0ISnyt9ePk1a+SaLeP7eA8ZqEnqIurLrMVhmGNSJ1OT7vGIWpCbms1QJPtWZv root@pve"
                    ],
                    "password": "",
                    "username": "rocky"
                  }
                ],
                "user_data_file_id": "",
                "vendor_data_file_id": ""
              }
            ],
            "ipv4_addresses": null,
            "ipv6_addresses": null,
            "keyboard_layout": "en-us",
            "kvm_arguments": null,
            "mac_addresses": null,
            "machine": null,
            "memory": [
              {
                "dedicated": 8192,
                "floating": 0,
                "shared": 0
              }
            ],
            "migrate": false,
            "name": "master-01",
            "network_device": [
              {
                "bridge": "vmbr0",
                "enabled": true,
                "firewall": false,
                "mac_address": "",
                "model": "virtio",
                "mtu": 0,
                "queues": 0,
                "rate_limit": 0,
                "vlan_id": 0
              }
            ],
            "network_interface_names": null,
            "node_name": "pve",
            "on_boot": true,
            "operating_system": [],
            "pool_id": null,
            "reboot": false,
            "scsi_hardware": "virtio-scsi-pci",
            "serial_device": [],
            "smbios": [],
            "started": true,
            "startup": [],
            "tablet_device": true,
            "tags": [
              "rocky-linux",
              "k8s"
            ],
            "template": false,
            "timeout_clone": 1800,
            "timeout_create": 1800,
            "timeout_migrate": 1800,
            "timeout_move_disk": 1800,
            "timeout_reboot": 1800,
            "timeout_shutdown_vm": 300,
            "timeout_start_vm": 1800,
            "timeout_stop_vm": 300,
            "usb": [],
            "vga": [],
            "vm_id": 109
          },
          "sensitive_attributes": [],
          "private": "bnVsbA=="
        }
      ]
    },
    {
      "module": "module.win_worker_domain[0]",
      "mode": "data",
      "type": "external",
      "name": "address",
      "provider": "provider[\"registry.terraform.io/hashicorp/external\"]",
      "instances": [
        {
          "schema_version": 0,
          "attributes": {
            "id": "-",
            "program": [
              "bash",
              "scripts/ip.sh",
              "bc:24:11:f2:78:88"
            ],
            "query": null,
            "result": {
              "address": "192.168.1.148"
            },
            "working_dir": "."
          },
          "sensitive_attributes": []
        }
      ]
    },
    {
      "module": "module.win_worker_domain[0]",
      "mode": "managed",
      "type": "proxmox_virtual_environment_vm",
      "name": "node",
      "provider": "provider[\"registry.terraform.io/bpg/proxmox\"]",
      "instances": [
        {
          "schema_version": 0,
          "attributes": {
            "acpi": true,
            "agent": [
              {
                "enabled": true,
                "timeout": "10s",
                "trim": false,
                "type": "virtio"
              }
            ],
            "audio_device": [],
            "bios": "seabios",
            "boot_order": null,
            "cdrom": [],
            "clone": [
              {
                "datastore_id": "",
                "full": true,
                "node_name": "",
                "retries": 3,
                "vm_id": 110
              }
            ],
            "cpu": [
              {
                "architecture": "x86_64",
                "cores": 4,
                "flags": null,
                "hotplugged": 0,
                "numa": false,
                "sockets": 1,
                "type": "host",
                "units": 1024
              }
            ],
            "description": null,
            "disk": [
              {
                "cache": "none",
                "datastore_id": "local-zfs",
                "discard": "",
                "file_format": "raw",
                "file_id": "",
                "interface": "scsi0",
                "iothread": false,
                "path_in_datastore": "vm-100-disk-1",
                "size": 120,
                "speed": [],
                "ssd": false
              }
            ],
            "efi_disk": [],
            "hostpci": [],
            "id": "100",
            "initialization": [
              {
                "datastore_id": "local-zfs",
                "dns": [],
                "interface": "ide2",
                "ip_config": [],
                "meta_data_file_id": "",
                "network_data_file_id": "",
                "type": "",
                "user_account": [],
                "user_data_file_id": "",
                "vendor_data_file_id": ""
              }
            ],
            "ipv4_addresses": [],
            "ipv6_addresses": [],
            "keyboard_layout": "en-us",
            "kvm_arguments": null,
            "mac_addresses": [],
            "machine": null,
            "memory": [
              {
                "dedicated": 8192,
                "floating": 0,
                "shared": 0
              }
            ],
            "migrate": false,
            "name": "w2022-worker-01",
            "network_device": [
              {
                "bridge": "vmbr0",
                "enabled": true,
                "firewall": false,
                "mac_address": "BC:24:11:F2:78:88",
                "model": "e1000",
                "mtu": 0,
                "queues": 0,
                "rate_limit": 0,
                "vlan_id": 0
              }
            ],
            "network_interface_names": [],
            "node_name": "pve",
            "on_boot": true,
            "operating_system": [],
            "pool_id": null,
            "reboot": false,
            "scsi_hardware": "virtio-scsi-pci",
            "serial_device": [],
            "smbios": [],
            "started": true,
            "startup": [],
            "tablet_device": true,
            "tags": [
              "2022",
              "k8s",
              "server",
              "windows"
            ],
            "template": false,
            "timeout_clone": 1800,
            "timeout_create": 1800,
            "timeout_migrate": 1800,
            "timeout_move_disk": 1800,
            "timeout_reboot": 1800,
            "timeout_shutdown_vm": 300,
            "timeout_start_vm": 1800,
            "timeout_stop_vm": 300,
            "usb": [],
            "vga": [],
            "vm_id": 100
          },
          "sensitive_attributes": [],
          "private": "bnVsbA=="
        }
      ]
    },
    {
      "module": "module.worker_domain[0]",
      "mode": "data",
      "type": "external",
      "name": "address",
      "provider": "provider[\"registry.terraform.io/hashicorp/external\"]",
      "instances": [
        {
          "schema_version": 0,
          "attributes": {
            "id": "-",
            "program": [
              "bash",
              "scripts/ip.sh",
              "bc:24:11:d3:d5:ae"
            ],
            "query": null,
            "result": {
              "address": "192.168.1.179"
            },
            "working_dir": "."
          },
          "sensitive_attributes": []
        }
      ]
    },
    {
      "module": "module.worker_domain[0]",
      "mode": "managed",
      "type": "proxmox_virtual_environment_vm",
      "name": "node",
      "provider": "provider[\"registry.terraform.io/bpg/proxmox\"]",
      "instances": [
        {
          "schema_version": 0,
          "attributes": {
            "acpi": true,
            "agent": [
              {
                "enabled": true,
                "timeout": "10s",
                "trim": false,
                "type": "virtio"
              }
            ],
            "audio_device": [],
            "bios": "seabios",
            "boot_order": null,
            "cdrom": [],
            "clone": [
              {
                "datastore_id": "",
                "full": true,
                "node_name": "",
                "retries": 3,
                "vm_id": 1031
              }
            ],
            "cpu": [
              {
                "architecture": "x86_64",
                "cores": 2,
                "flags": null,
                "hotplugged": 0,
                "numa": false,
                "sockets": 1,
                "type": "host",
                "units": 1024
              }
            ],
            "description": null,
            "disk": [
              {
                "cache": "none",
                "datastore_id": "local-zfs",
                "discard": "on",
                "file_format": "raw",
                "file_id": "",
                "interface": "scsi0",
                "iothread": false,
                "path_in_datastore": "vm-111-disk-0",
                "size": 60,
                "speed": [],
                "ssd": false
              }
            ],
            "efi_disk": [],
            "hostpci": [],
            "id": "111",
            "initialization": [
              {
                "datastore_id": "local-zfs",
                "dns": [],
                "interface": "ide2",
                "ip_config": [
                  {
                    "ipv4": [
                      {
                        "address": "dhcp",
                        "gateway": ""
                      }
                    ],
                    "ipv6": [
                      {
                        "address": "dhcp",
                        "gateway": ""
                      }
                    ]
                  }
                ],
                "meta_data_file_id": "",
                "network_data_file_id": "",
                "type": "",
                "user_account": [
                  {
                    "keys": [
                      "ssh-rsa AAAAB3NzaC1yc2EAAAADAQABAAABAQDHQPduvBBBOALoMK0SMb9oXkORwB4G6pD1ZoNyASTfWmQ0mP/GIUnMoi5RdxOgoHEP9fg+ktqw66Zeamfxa22GYltZf9ayf9rSnENbQeGgbNTFShjYE6q675ryPyx/kWf+yWWdPV4KBg1rjqdWyxcd12f2BPi9cXU1q9W03b2VMrNhuC9lzPD3Fitto/yrlJQ7iVbVn/TvAIJxOAQ/v5wa/QA2uxZ2e95khMfy8t26u2KA5KcHTZ4b/OPq2pjGTeAebfKiB7Ou07fC9NHYp7vj4TZ0ISnyt9ePk1a+SaLeP7eA8ZqEnqIurLrMVhmGNSJ1OT7vGIWpCbms1QJPtWZv root@pve"
                    ],
                    "password": "",
                    "username": "rocky"
                  }
                ],
                "user_data_file_id": "",
                "vendor_data_file_id": ""
              }
            ],
            "ipv4_addresses": [
              [
                "127.0.0.1"
              ],
              [
                "192.168.1.179"
              ]
            ],
            "ipv6_addresses": [
              [
                "::1"
              ],
              [
                "2403:6200:8958:5138:be24:11ff:fed3:d5ae",
                "fe80::be24:11ff:fed3:d5ae"
              ]
            ],
            "keyboard_layout": "en-us",
            "kvm_arguments": null,
            "mac_addresses": [
              "00:00:00:00:00:00",
              "BC:24:11:D3:D5:AE"
            ],
            "machine": null,
            "memory": [
              {
                "dedicated": 4096,
                "floating": 0,
                "shared": 0
              }
            ],
            "migrate": false,
            "name": "worker-01",
            "network_device": [
              {
                "bridge": "vmbr0",
                "enabled": true,
                "firewall": false,
                "mac_address": "BC:24:11:D3:D5:AE",
                "model": "virtio",
                "mtu": 0,
                "queues": 0,
                "rate_limit": 0,
                "vlan_id": 0
              }
            ],
            "network_interface_names": [
              "lo",
              "eth0"
            ],
            "node_name": "pve",
            "on_boot": true,
            "operating_system": [],
            "pool_id": null,
            "reboot": false,
            "scsi_hardware": "virtio-scsi-pci",
            "serial_device": [],
            "smbios": [],
            "started": true,
            "startup": [],
            "tablet_device": true,
            "tags": [
              "k8s",
              "rocky-linux"
            ],
            "template": false,
            "timeout_clone": 1800,
            "timeout_create": 1800,
            "timeout_migrate": 1800,
            "timeout_move_disk": 1800,
            "timeout_reboot": 1800,
            "timeout_shutdown_vm": 300,
            "timeout_start_vm": 1800,
            "timeout_stop_vm": 300,
            "usb": [],
            "vga": [],
            "vm_id": 111
          },
          "sensitive_attributes": [],
          "private": "bnVsbA=="
        }
      ]
    },
    {
      "module": "module.worker_domain[1]",
      "mode": "data",
      "type": "external",
      "name": "address",
      "provider": "provider[\"registry.terraform.io/hashicorp/external\"]",
      "instances": [
        {
          "schema_version": 0,
          "attributes": {
            "id": "-",
            "program": [
              "bash",
              "scripts/ip.sh",
              "bc:24:11:79:bf:69"
            ],
            "query": null,
            "result": {
              "address": "192.168.1.178"
            },
            "working_dir": "."
          },
          "sensitive_attributes": []
        }
      ]
    },
    {
      "module": "module.worker_domain[1]",
      "mode": "managed",
      "type": "proxmox_virtual_environment_vm",
      "name": "node",
      "provider": "provider[\"registry.terraform.io/bpg/proxmox\"]",
      "instances": [
        {
          "schema_version": 0,
          "attributes": {
            "acpi": true,
            "agent": [
              {
                "enabled": true,
                "timeout": "10s",
                "trim": false,
                "type": "virtio"
              }
            ],
            "audio_device": [],
            "bios": "seabios",
            "boot_order": null,
            "cdrom": [],
            "clone": [
              {
                "datastore_id": "",
                "full": true,
                "node_name": "",
                "retries": 3,
                "vm_id": 1031
              }
            ],
            "cpu": [
              {
                "architecture": "x86_64",
                "cores": 2,
                "flags": null,
                "hotplugged": 0,
                "numa": false,
                "sockets": 1,
                "type": "host",
                "units": 1024
              }
            ],
            "description": null,
            "disk": [
              {
                "cache": "none",
                "datastore_id": "local-zfs",
                "discard": "on",
                "file_format": "raw",
                "file_id": "",
                "interface": "scsi0",
                "iothread": false,
                "path_in_datastore": "vm-112-disk-0",
                "size": 60,
                "speed": [],
                "ssd": false
              }
            ],
            "efi_disk": [],
            "hostpci": [],
            "id": "112",
            "initialization": [
              {
                "datastore_id": "local-zfs",
                "dns": [],
                "interface": "ide2",
                "ip_config": [
                  {
                    "ipv4": [
                      {
                        "address": "dhcp",
                        "gateway": ""
                      }
                    ],
                    "ipv6": [
                      {
                        "address": "dhcp",
                        "gateway": ""
                      }
                    ]
                  }
                ],
                "meta_data_file_id": "",
                "network_data_file_id": "",
                "type": "",
                "user_account": [
                  {
                    "keys": [
                      "ssh-rsa AAAAB3NzaC1yc2EAAAADAQABAAABAQDHQPduvBBBOALoMK0SMb9oXkORwB4G6pD1ZoNyASTfWmQ0mP/GIUnMoi5RdxOgoHEP9fg+ktqw66Zeamfxa22GYltZf9ayf9rSnENbQeGgbNTFShjYE6q675ryPyx/kWf+yWWdPV4KBg1rjqdWyxcd12f2BPi9cXU1q9W03b2VMrNhuC9lzPD3Fitto/yrlJQ7iVbVn/TvAIJxOAQ/v5wa/QA2uxZ2e95khMfy8t26u2KA5KcHTZ4b/OPq2pjGTeAebfKiB7Ou07fC9NHYp7vj4TZ0ISnyt9ePk1a+SaLeP7eA8ZqEnqIurLrMVhmGNSJ1OT7vGIWpCbms1QJPtWZv root@pve"
                    ],
                    "password": "",
                    "username": "rocky"
                  }
                ],
                "user_data_file_id": "",
                "vendor_data_file_id": ""
              }
            ],
            "ipv4_addresses": [
              [
                "127.0.0.1"
              ],
              [
                "192.168.1.178"
              ]
            ],
            "ipv6_addresses": [
              [
                "::1"
              ],
              [
                "2403:6200:8958:5138:be24:11ff:fe79:bf69",
                "fe80::be24:11ff:fe79:bf69"
              ]
            ],
            "keyboard_layout": "en-us",
            "kvm_arguments": null,
            "mac_addresses": [
              "00:00:00:00:00:00",
              "BC:24:11:79:BF:69"
            ],
            "machine": null,
            "memory": [
              {
                "dedicated": 4096,
                "floating": 0,
                "shared": 0
              }
            ],
            "migrate": false,
            "name": "worker-02",
            "network_device": [
              {
                "bridge": "vmbr0",
                "enabled": true,
                "firewall": false,
                "mac_address": "BC:24:11:79:BF:69",
                "model": "virtio",
                "mtu": 0,
                "queues": 0,
                "rate_limit": 0,
                "vlan_id": 0
              }
            ],
            "network_interface_names": [
              "lo",
              "eth0"
            ],
            "node_name": "pve",
            "on_boot": true,
            "operating_system": [],
            "pool_id": null,
            "reboot": false,
            "scsi_hardware": "virtio-scsi-pci",
            "serial_device": [],
            "smbios": [],
            "started": true,
            "startup": [],
            "tablet_device": true,
            "tags": [
              "k8s",
              "rocky-linux"
            ],
            "template": false,
            "timeout_clone": 1800,
            "timeout_create": 1800,
            "timeout_migrate": 1800,
            "timeout_move_disk": 1800,
            "timeout_reboot": 1800,
            "timeout_shutdown_vm": 300,
            "timeout_start_vm": 1800,
            "timeout_stop_vm": 300,
            "usb": [],
            "vga": [],
            "vm_id": 112
          },
          "sensitive_attributes": [],
          "private": "bnVsbA=="
        }
      ]
    },
    {
      "module": "module.worker_domain[2]",
      "mode": "data",
      "type": "external",
      "name": "address",
      "provider": "provider[\"registry.terraform.io/hashicorp/external\"]",
      "instances": [
        {
          "schema_version": 0,
          "attributes": {
            "id": "-",
            "program": [
              "bash",
              "scripts/ip.sh",
              "bc:24:11:d5:83:d9"
            ],
            "query": null,
            "result": {
              "address": "192.168.1.177"
            },
            "working_dir": "."
          },
          "sensitive_attributes": []
        }
      ]
    },
    {
      "module": "module.worker_domain[2]",
      "mode": "managed",
      "type": "proxmox_virtual_environment_vm",
      "name": "node",
      "provider": "provider[\"registry.terraform.io/bpg/proxmox\"]",
      "instances": [
        {
          "schema_version": 0,
          "attributes": {
            "acpi": true,
            "agent": [
              {
                "enabled": true,
                "timeout": "10s",
                "trim": false,
                "type": "virtio"
              }
            ],
            "audio_device": [],
            "bios": "seabios",
            "boot_order": null,
            "cdrom": [],
            "clone": [
              {
                "datastore_id": "",
                "full": true,
                "node_name": "",
                "retries": 3,
                "vm_id": 1031
              }
            ],
            "cpu": [
              {
                "architecture": "x86_64",
                "cores": 2,
                "flags": null,
                "hotplugged": 0,
                "numa": false,
                "sockets": 1,
                "type": "host",
                "units": 1024
              }
            ],
            "description": null,
            "disk": [
              {
                "cache": "none",
                "datastore_id": "local-zfs",
                "discard": "on",
                "file_format": "raw",
                "file_id": "",
                "interface": "scsi0",
                "iothread": false,
                "path_in_datastore": "vm-108-disk-0",
                "size": 60,
                "speed": [],
                "ssd": false
              }
            ],
            "efi_disk": [],
            "hostpci": [],
            "id": "108",
            "initialization": [
              {
                "datastore_id": "local-zfs",
                "dns": [],
                "interface": "ide2",
                "ip_config": [
                  {
                    "ipv4": [
                      {
                        "address": "dhcp",
                        "gateway": ""
                      }
                    ],
                    "ipv6": [
                      {
                        "address": "dhcp",
                        "gateway": ""
                      }
                    ]
                  }
                ],
                "meta_data_file_id": "",
                "network_data_file_id": "",
                "type": "",
                "user_account": [
                  {
                    "keys": [
                      "ssh-rsa AAAAB3NzaC1yc2EAAAADAQABAAABAQDHQPduvBBBOALoMK0SMb9oXkORwB4G6pD1ZoNyASTfWmQ0mP/GIUnMoi5RdxOgoHEP9fg+ktqw66Zeamfxa22GYltZf9ayf9rSnENbQeGgbNTFShjYE6q675ryPyx/kWf+yWWdPV4KBg1rjqdWyxcd12f2BPi9cXU1q9W03b2VMrNhuC9lzPD3Fitto/yrlJQ7iVbVn/TvAIJxOAQ/v5wa/QA2uxZ2e95khMfy8t26u2KA5KcHTZ4b/OPq2pjGTeAebfKiB7Ou07fC9NHYp7vj4TZ0ISnyt9ePk1a+SaLeP7eA8ZqEnqIurLrMVhmGNSJ1OT7vGIWpCbms1QJPtWZv root@pve"
                    ],
                    "password": "",
                    "username": "rocky"
                  }
                ],
                "user_data_file_id": "",
                "vendor_data_file_id": ""
              }
            ],
            "ipv4_addresses": [
              [
                "127.0.0.1"
              ],
              [
                "192.168.1.177"
              ]
            ],
            "ipv6_addresses": [
              [
                "::1"
              ],
              [
                "2403:6200:8958:5138:be24:11ff:fed5:83d9",
                "fe80::be24:11ff:fed5:83d9"
              ]
            ],
            "keyboard_layout": "en-us",
            "kvm_arguments": null,
            "mac_addresses": [
              "00:00:00:00:00:00",
              "BC:24:11:D5:83:D9"
            ],
            "machine": null,
            "memory": [
              {
                "dedicated": 4096,
                "floating": 0,
                "shared": 0
              }
            ],
            "migrate": false,
            "name": "worker-03",
            "network_device": [
              {
                "bridge": "vmbr0",
                "enabled": true,
                "firewall": false,
                "mac_address": "BC:24:11:D5:83:D9",
                "model": "virtio",
                "mtu": 0,
                "queues": 0,
                "rate_limit": 0,
                "vlan_id": 0
              }
            ],
            "network_interface_names": [
              "lo",
              "eth0"
            ],
            "node_name": "pve",
            "on_boot": true,
            "operating_system": [],
            "pool_id": null,
            "reboot": false,
            "scsi_hardware": "virtio-scsi-pci",
            "serial_device": [],
            "smbios": [],
            "started": true,
            "startup": [],
            "tablet_device": true,
            "tags": [
              "k8s",
              "rocky-linux"
            ],
            "template": false,
            "timeout_clone": 1800,
            "timeout_create": 1800,
            "timeout_migrate": 1800,
            "timeout_move_disk": 1800,
            "timeout_reboot": 1800,
            "timeout_shutdown_vm": 300,
            "timeout_start_vm": 1800,
            "timeout_stop_vm": 300,
            "usb": [],
            "vga": [],
            "vm_id": 108
          },
          "sensitive_attributes": [],
          "private": "bnVsbA=="
        }
      ]
    }
  ],
  "check_results": null
}
