{
  "version": 4,
  "terraform_version": "1.5.7",
  "serial": 571,
  "lineage": "759450d1-427d-1755-ea3c-5f0900ffcfc1",
  "outputs": {},
  "resources": [
    {
      "mode": "managed",
      "type": "null_resource",
      "name": "cleanup",
      "provider": "provider[\"registry.terraform.io/hashicorp/null\"]",
      "instances": [
        {
          "schema_version": 0,
          "attributes": {
            "id": "2371135867049994870",
            "triggers": null
          },
          "sensitive_attributes": []
        }
      ]
    },
    {
      "mode": "managed",
      "type": "null_resource",
      "name": "copy_master_config",
      "provider": "provider[\"registry.terraform.io/hashicorp/null\"]",
      "instances": [
        {
          "index_key": 0,
          "schema_version": 0,
          "attributes": {
            "id": "3521696286823388688",
            "triggers": null
          },
          "sensitive_attributes": [],
          "dependencies": [
            "module.master_domain.data.external.address",
            "module.master_domain.proxmox_virtual_environment_vm.node",
            "module.win_worker_domain.data.external.address",
            "module.win_worker_domain.proxmox_virtual_environment_vm.node",
            "module.worker_domain.data.external.address",
            "module.worker_domain.proxmox_virtual_environment_vm.node",
            "null_resource.init_master",
            "null_resource.join_worker",
            "null_resource.setup_master_nodes",
            "null_resource.setup_network",
            "null_resource.setup_work_nodes"
          ]
        },
        {
          "index_key": 1,
          "schema_version": 0,
          "attributes": {
            "id": "8860700252876247232",
            "triggers": null
          },
          "sensitive_attributes": [],
          "dependencies": [
            "module.master_domain.data.external.address",
            "module.master_domain.proxmox_virtual_environment_vm.node",
            "module.win_worker_domain.data.external.address",
            "module.win_worker_domain.proxmox_virtual_environment_vm.node",
            "module.worker_domain.data.external.address",
            "module.worker_domain.proxmox_virtual_environment_vm.node",
            "null_resource.init_master",
            "null_resource.join_worker",
            "null_resource.setup_master_nodes",
            "null_resource.setup_network",
            "null_resource.setup_work_nodes"
          ]
        }
      ]
    },
    {
      "mode": "managed",
      "type": "null_resource",
      "name": "init_master",
      "provider": "provider[\"registry.terraform.io/hashicorp/null\"]",
      "instances": [
        {
          "schema_version": 0,
          "attributes": {
            "id": "1509228760015472749",
            "triggers": null
          },
          "sensitive_attributes": [],
          "dependencies": [
            "module.master_domain.data.external.address",
            "module.master_domain.proxmox_virtual_environment_vm.node",
            "null_resource.setup_master_nodes"
          ]
        }
      ]
    },
    {
      "mode": "managed",
      "type": "null_resource",
      "name": "join_win_worker_node",
      "provider": "provider[\"registry.terraform.io/hashicorp/null\"]",
      "instances": [
        {
          "index_key": 0,
          "status": "tainted",
          "schema_version": 0,
          "attributes": {
            "id": "3222816212737883973",
            "triggers": null
          },
          "sensitive_attributes": [],
          "dependencies": [
            "module.win_worker_domain.data.external.address",
            "module.win_worker_domain.proxmox_virtual_environment_vm.node",
            "null_resource.copy_master_config"
          ]
        },
        {
          "index_key": 1,
          "status": "tainted",
          "schema_version": 0,
          "attributes": {
            "id": "3654194460729788618",
            "triggers": null
          },
          "sensitive_attributes": [],
          "dependencies": [
            "module.win_worker_domain.data.external.address",
            "module.win_worker_domain.proxmox_virtual_environment_vm.node",
            "null_resource.copy_master_config"
          ]
        }
      ]
    },
    {
      "mode": "managed",
      "type": "null_resource",
      "name": "join_worker",
      "provider": "provider[\"registry.terraform.io/hashicorp/null\"]",
      "instances": [
        {
          "index_key": 0,
          "schema_version": 0,
          "attributes": {
            "id": "3754646197509586083",
            "triggers": null
          },
          "sensitive_attributes": [],
          "dependencies": [
            "module.master_domain.data.external.address",
            "module.master_domain.proxmox_virtual_environment_vm.node",
            "module.worker_domain.data.external.address",
            "module.worker_domain.proxmox_virtual_environment_vm.node",
            "null_resource.init_master",
            "null_resource.setup_master_nodes",
            "null_resource.setup_work_nodes"
          ]
        }
      ]
    },
    {
      "mode": "managed",
      "type": "null_resource",
      "name": "setup_master_nodes",
      "provider": "provider[\"registry.terraform.io/hashicorp/null\"]",
      "instances": [
        {
          "index_key": 0,
          "schema_version": 0,
          "attributes": {
            "id": "5965882666858622746",
            "triggers": null
          },
          "sensitive_attributes": [],
          "dependencies": [
            "module.master_domain.data.external.address",
            "module.master_domain.proxmox_virtual_environment_vm.node"
          ]
        }
      ]
    },
    {
      "mode": "managed",
      "type": "null_resource",
      "name": "setup_network",
      "provider": "provider[\"registry.terraform.io/hashicorp/null\"]",
      "instances": [
        {
          "schema_version": 0,
          "attributes": {
            "id": "6907822040915021062",
            "triggers": null
          },
          "sensitive_attributes": [],
          "dependencies": [
            "module.master_domain.data.external.address",
            "module.master_domain.proxmox_virtual_environment_vm.node",
            "module.worker_domain.data.external.address",
            "module.worker_domain.proxmox_virtual_environment_vm.node",
            "null_resource.init_master",
            "null_resource.join_worker",
            "null_resource.setup_master_nodes",
            "null_resource.setup_work_nodes"
          ]
        }
      ]
    },
    {
      "mode": "managed",
      "type": "null_resource",
      "name": "setup_work_nodes",
      "provider": "provider[\"registry.terraform.io/hashicorp/null\"]",
      "instances": [
        {
          "index_key": 0,
          "schema_version": 0,
          "attributes": {
            "id": "2186239700565128925",
            "triggers": null
          },
          "sensitive_attributes": [],
          "dependencies": [
            "module.worker_domain.data.external.address",
            "module.worker_domain.proxmox_virtual_environment_vm.node"
          ]
        }
      ]
    },
    {
      "module": "module.master_domain[0]",
      "mode": "data",
      "type": "external",
      "name": "address",
      "provider": "provider[\"registry.terraform.io/hashicorp/external\"]",
      "instances": [
        {
          "schema_version": 0,
          "attributes": {
            "id": "-",
            "program": [
              "bash",
              "scripts/ip.sh",
              "bc:24:11:4f:4f:84"
            ],
            "query": null,
            "result": {
              "address": "192.168.1.54"
            },
            "working_dir": "."
          },
          "sensitive_attributes": []
        }
      ]
    },
    {
      "module": "module.master_domain[0]",
      "mode": "managed",
      "type": "proxmox_virtual_environment_vm",
      "name": "node",
      "provider": "provider[\"registry.terraform.io/bpg/proxmox\"]",
      "instances": [
        {
          "schema_version": 0,
          "attributes": {
            "acpi": true,
            "agent": [
              {
                "enabled": true,
                "timeout": "10s",
                "trim": false,
                "type": "virtio"
              }
            ],
            "audio_device": [],
            "bios": "seabios",
            "boot_order": null,
            "cdrom": [],
            "clone": [
              {
                "datastore_id": "",
                "full": true,
                "node_name": "",
                "retries": 3,
                "vm_id": 1031
              }
            ],
            "cpu": [
              {
                "architecture": "x86_64",
                "cores": 4,
                "flags": [],
                "hotplugged": 0,
                "numa": false,
                "sockets": 1,
                "type": "host",
                "units": 1024
              }
            ],
            "description": null,
            "disk": [
              {
                "cache": "none",
                "datastore_id": "local-zfs",
                "discard": "on",
                "file_format": "raw",
                "file_id": "",
                "interface": "scsi0",
                "iothread": false,
                "path_in_datastore": "vm-111-disk-0",
                "size": 60,
                "speed": [],
                "ssd": false
              }
            ],
            "efi_disk": [],
            "hostpci": [],
            "id": "111",
            "initialization": [
              {
                "datastore_id": "local-zfs",
                "dns": [],
                "interface": "ide2",
                "ip_config": [
                  {
                    "ipv4": [
                      {
                        "address": "dhcp",
                        "gateway": ""
                      }
                    ],
                    "ipv6": [
                      {
                        "address": "dhcp",
                        "gateway": ""
                      }
                    ]
                  }
                ],
                "meta_data_file_id": "",
                "network_data_file_id": "",
                "type": "",
                "user_account": [
                  {
                    "keys": [
                      "ssh-rsa AAAAB3NzaC1yc2EAAAADAQABAAABAQDHQPduvBBBOALoMK0SMb9oXkORwB4G6pD1ZoNyASTfWmQ0mP/GIUnMoi5RdxOgoHEP9fg+ktqw66Zeamfxa22GYltZf9ayf9rSnENbQeGgbNTFShjYE6q675ryPyx/kWf+yWWdPV4KBg1rjqdWyxcd12f2BPi9cXU1q9W03b2VMrNhuC9lzPD3Fitto/yrlJQ7iVbVn/TvAIJxOAQ/v5wa/QA2uxZ2e95khMfy8t26u2KA5KcHTZ4b/OPq2pjGTeAebfKiB7Ou07fC9NHYp7vj4TZ0ISnyt9ePk1a+SaLeP7eA8ZqEnqIurLrMVhmGNSJ1OT7vGIWpCbms1QJPtWZv root@pve"
                    ],
                    "password": "",
                    "username": "rocky"
                  }
                ],
                "user_data_file_id": "",
                "vendor_data_file_id": ""
              }
            ],
            "ipv4_addresses": [
              [
                "127.0.0.1"
              ],
              [
                "192.168.1.54"
              ],
              [
                "10.85.0.1"
              ],
              [],
              [],
              []
            ],
            "ipv6_addresses": [
              [
                "::1"
              ],
              [
                "2403:6200:8958:5138:be24:11ff:fe4f:4f84",
                "fe80::be24:11ff:fe4f:4f84"
              ],
              [
                "1100:200::1",
                "fe80::a860:8eff:fe73:f74"
              ],
              [
                "fe80::f8fb:78ff:fed0:d89c"
              ],
              [
                "fe80::3c09:d5ff:fea8:dac8"
              ],
              [
                "fe80::3c07:26ff:fe05:3d16"
              ]
            ],
            "keyboard_layout": "en-us",
            "kvm_arguments": null,
            "mac_addresses": [
              "00:00:00:00:00:00",
              "BC:24:11:4F:4F:84",
              "AA:60:8E:73:0F:74",
              "FA:FB:78:D0:D8:9C",
              "3E:09:D5:A8:DA:C8",
              "3E:07:26:05:3D:16"
            ],
            "machine": null,
            "memory": [
              {
                "dedicated": 8192,
                "floating": 0,
                "shared": 0
              }
            ],
            "migrate": false,
            "name": "terraform-master-1",
            "network_device": [
              {
                "bridge": "vmbr0",
                "enabled": true,
                "firewall": false,
                "mac_address": "BC:24:11:4F:4F:84",
                "model": "virtio",
                "mtu": 0,
                "queues": 0,
                "rate_limit": 0,
                "vlan_id": 0
              }
            ],
            "network_interface_names": [
              "lo",
              "eth0",
              "cni0",
              "veth426555b7",
              "veth5d4e15d4",
              "veth047c448f"
            ],
            "node_name": "pve",
            "on_boot": true,
            "operating_system": [],
            "pool_id": null,
            "reboot": false,
            "scsi_hardware": "virtio-scsi-pci",
            "serial_device": [],
            "smbios": [],
            "started": true,
            "startup": [],
            "tablet_device": true,
            "tags": [
              "k8s",
              "rocky-linux"
            ],
            "template": false,
            "timeout_clone": 1800,
            "timeout_create": 1800,
            "timeout_migrate": 1800,
            "timeout_move_disk": 1800,
            "timeout_reboot": 1800,
            "timeout_shutdown_vm": 300,
            "timeout_start_vm": 1800,
            "timeout_stop_vm": 300,
            "usb": [],
            "vga": [],
            "vm_id": 111
          },
          "sensitive_attributes": [],
          "private": "bnVsbA=="
        }
      ]
    },
    {
      "module": "module.win_worker_domain[0]",
      "mode": "data",
      "type": "external",
      "name": "address",
      "provider": "provider[\"registry.terraform.io/hashicorp/external\"]",
      "instances": [
        {
          "schema_version": 0,
          "attributes": {
            "id": "-",
            "program": [
              "bash",
              "scripts/ip.sh",
              "bc:24:11:3e:94:d3"
            ],
            "query": null,
            "result": {
              "address": "192.168.1.55"
            },
            "working_dir": "."
          },
          "sensitive_attributes": []
        }
      ]
    },
    {
      "module": "module.win_worker_domain[0]",
      "mode": "managed",
      "type": "proxmox_virtual_environment_vm",
      "name": "node",
      "provider": "provider[\"registry.terraform.io/bpg/proxmox\"]",
      "instances": [
        {
          "schema_version": 0,
          "attributes": {
            "acpi": true,
            "agent": [
              {
                "enabled": true,
                "timeout": "10s",
                "trim": false,
                "type": "virtio"
              }
            ],
            "audio_device": [],
            "bios": "seabios",
            "boot_order": null,
            "cdrom": [],
            "clone": [
              {
                "datastore_id": "",
                "full": true,
                "node_name": "",
                "retries": 3,
                "vm_id": 109
              }
            ],
            "cpu": [
              {
                "architecture": "x86_64",
                "cores": 4,
                "flags": [],
                "hotplugged": 0,
                "numa": false,
                "sockets": 1,
                "type": "host",
                "units": 1024
              }
            ],
            "description": null,
            "disk": [
              {
                "cache": "none",
                "datastore_id": "local-zfs",
                "discard": "",
                "file_format": "raw",
                "file_id": "",
                "interface": "scsi0",
                "iothread": false,
                "path_in_datastore": "vm-100-disk-1",
                "size": 120,
                "speed": [],
                "ssd": false
              }
            ],
            "efi_disk": [],
            "hostpci": [],
            "id": "100",
            "initialization": [
              {
                "datastore_id": "local-zfs",
                "dns": [],
                "interface": "ide2",
                "ip_config": [],
                "meta_data_file_id": "",
                "network_data_file_id": "",
                "type": "",
                "user_account": [],
                "user_data_file_id": "",
                "vendor_data_file_id": ""
              }
            ],
            "ipv4_addresses": [],
            "ipv6_addresses": [],
            "keyboard_layout": "en-us",
            "kvm_arguments": null,
            "mac_addresses": [],
            "machine": null,
            "memory": [
              {
                "dedicated": 8192,
                "floating": 0,
                "shared": 0
              }
            ],
            "migrate": false,
            "name": "terraform-win-worker-1",
            "network_device": [
              {
                "bridge": "vmbr0",
                "enabled": true,
                "firewall": false,
                "mac_address": "BC:24:11:3E:94:D3",
                "model": "e1000",
                "mtu": 0,
                "queues": 0,
                "rate_limit": 0,
                "vlan_id": 0
              }
            ],
            "network_interface_names": [],
            "node_name": "pve",
            "on_boot": true,
            "operating_system": [],
            "pool_id": null,
            "reboot": false,
            "scsi_hardware": "virtio-scsi-pci",
            "serial_device": [],
            "smbios": [],
            "started": true,
            "startup": [],
            "tablet_device": true,
            "tags": [
              "2022",
              "k8s",
              "server",
              "windows"
            ],
            "template": false,
            "timeout_clone": 1800,
            "timeout_create": 1800,
            "timeout_migrate": 1800,
            "timeout_move_disk": 1800,
            "timeout_reboot": 1800,
            "timeout_shutdown_vm": 300,
            "timeout_start_vm": 1800,
            "timeout_stop_vm": 300,
            "usb": [],
            "vga": [],
            "vm_id": 100
          },
          "sensitive_attributes": [],
          "private": "bnVsbA=="
        }
      ]
    },
    {
      "module": "module.win_worker_domain[1]",
      "mode": "data",
      "type": "external",
      "name": "address",
      "provider": "provider[\"registry.terraform.io/hashicorp/external\"]",
      "instances": [
        {
          "schema_version": 0,
          "attributes": {
            "id": "-",
            "program": [
              "bash",
              "scripts/ip.sh",
              "bc:24:11:19:b4:49"
            ],
            "query": null,
            "result": {
              "address": "192.168.1.56"
            },
            "working_dir": "."
          },
          "sensitive_attributes": []
        }
      ]
    },
    {
      "module": "module.win_worker_domain[1]",
      "mode": "managed",
      "type": "proxmox_virtual_environment_vm",
      "name": "node",
      "provider": "provider[\"registry.terraform.io/bpg/proxmox\"]",
      "instances": [
        {
          "schema_version": 0,
          "attributes": {
            "acpi": true,
            "agent": [
              {
                "enabled": true,
                "timeout": "10s",
                "trim": false,
                "type": "virtio"
              }
            ],
            "audio_device": [],
            "bios": "seabios",
            "boot_order": null,
            "cdrom": [],
            "clone": [
              {
                "datastore_id": "",
                "full": true,
                "node_name": "",
                "retries": 3,
                "vm_id": 109
              }
            ],
            "cpu": [
              {
                "architecture": "x86_64",
                "cores": 4,
                "flags": [],
                "hotplugged": 0,
                "numa": false,
                "sockets": 1,
                "type": "host",
                "units": 1024
              }
            ],
            "description": null,
            "disk": [
              {
                "cache": "none",
                "datastore_id": "local-zfs",
                "discard": "",
                "file_format": "raw",
                "file_id": "",
                "interface": "scsi0",
                "iothread": false,
                "path_in_datastore": "vm-110-disk-1",
                "size": 120,
                "speed": [],
                "ssd": false
              }
            ],
            "efi_disk": [],
            "hostpci": [],
            "id": "110",
            "initialization": [
              {
                "datastore_id": "local-zfs",
                "dns": [],
                "interface": "ide2",
                "ip_config": [],
                "meta_data_file_id": "",
                "network_data_file_id": "",
                "type": "",
                "user_account": [],
                "user_data_file_id": "",
                "vendor_data_file_id": ""
              }
            ],
            "ipv4_addresses": [],
            "ipv6_addresses": [],
            "keyboard_layout": "en-us",
            "kvm_arguments": null,
            "mac_addresses": [],
            "machine": null,
            "memory": [
              {
                "dedicated": 8192,
                "floating": 0,
                "shared": 0
              }
            ],
            "migrate": false,
            "name": "terraform-win-worker-2",
            "network_device": [
              {
                "bridge": "vmbr0",
                "enabled": true,
                "firewall": false,
                "mac_address": "BC:24:11:19:B4:49",
                "model": "e1000",
                "mtu": 0,
                "queues": 0,
                "rate_limit": 0,
                "vlan_id": 0
              }
            ],
            "network_interface_names": [],
            "node_name": "pve",
            "on_boot": true,
            "operating_system": [],
            "pool_id": null,
            "reboot": false,
            "scsi_hardware": "virtio-scsi-pci",
            "serial_device": [],
            "smbios": [],
            "started": true,
            "startup": [],
            "tablet_device": true,
            "tags": [
              "2022",
              "k8s",
              "server",
              "windows"
            ],
            "template": false,
            "timeout_clone": 1800,
            "timeout_create": 1800,
            "timeout_migrate": 1800,
            "timeout_move_disk": 1800,
            "timeout_reboot": 1800,
            "timeout_shutdown_vm": 300,
            "timeout_start_vm": 1800,
            "timeout_stop_vm": 300,
            "usb": [],
            "vga": [],
            "vm_id": 110
          },
          "sensitive_attributes": [],
          "private": "bnVsbA=="
        }
      ]
    },
    {
      "module": "module.worker_domain[0]",
      "mode": "data",
      "type": "external",
      "name": "address",
      "provider": "provider[\"registry.terraform.io/hashicorp/external\"]",
      "instances": [
        {
          "schema_version": 0,
          "attributes": {
            "id": "-",
            "program": [
              "bash",
              "scripts/ip.sh",
              "bc:24:11:3f:e1:46"
            ],
            "query": null,
            "result": {
              "address": "192.168.1.53"
            },
            "working_dir": "."
          },
          "sensitive_attributes": []
        }
      ]
    },
    {
      "module": "module.worker_domain[0]",
      "mode": "managed",
      "type": "proxmox_virtual_environment_vm",
      "name": "node",
      "provider": "provider[\"registry.terraform.io/bpg/proxmox\"]",
      "instances": [
        {
          "schema_version": 0,
          "attributes": {
            "acpi": true,
            "agent": [
              {
                "enabled": true,
                "timeout": "10s",
                "trim": false,
                "type": "virtio"
              }
            ],
            "audio_device": [],
            "bios": "seabios",
            "boot_order": null,
            "cdrom": [],
            "clone": [
              {
                "datastore_id": "",
                "full": true,
                "node_name": "",
                "retries": 3,
                "vm_id": 1031
              }
            ],
            "cpu": [
              {
                "architecture": "x86_64",
                "cores": 4,
                "flags": [],
                "hotplugged": 0,
                "numa": false,
                "sockets": 1,
                "type": "host",
                "units": 1024
              }
            ],
            "description": null,
            "disk": [
              {
                "cache": "none",
                "datastore_id": "local-zfs",
                "discard": "on",
                "file_format": "raw",
                "file_id": "",
                "interface": "scsi0",
                "iothread": false,
                "path_in_datastore": "vm-108-disk-0",
                "size": 60,
                "speed": [],
                "ssd": false
              }
            ],
            "efi_disk": [],
            "hostpci": [],
            "id": "108",
            "initialization": [
              {
                "datastore_id": "local-zfs",
                "dns": [],
                "interface": "ide2",
                "ip_config": [
                  {
                    "ipv4": [
                      {
                        "address": "dhcp",
                        "gateway": ""
                      }
                    ],
                    "ipv6": [
                      {
                        "address": "dhcp",
                        "gateway": ""
                      }
                    ]
                  }
                ],
                "meta_data_file_id": "",
                "network_data_file_id": "",
                "type": "",
                "user_account": [
                  {
                    "keys": [
                      "ssh-rsa AAAAB3NzaC1yc2EAAAADAQABAAABAQDHQPduvBBBOALoMK0SMb9oXkORwB4G6pD1ZoNyASTfWmQ0mP/GIUnMoi5RdxOgoHEP9fg+ktqw66Zeamfxa22GYltZf9ayf9rSnENbQeGgbNTFShjYE6q675ryPyx/kWf+yWWdPV4KBg1rjqdWyxcd12f2BPi9cXU1q9W03b2VMrNhuC9lzPD3Fitto/yrlJQ7iVbVn/TvAIJxOAQ/v5wa/QA2uxZ2e95khMfy8t26u2KA5KcHTZ4b/OPq2pjGTeAebfKiB7Ou07fC9NHYp7vj4TZ0ISnyt9ePk1a+SaLeP7eA8ZqEnqIurLrMVhmGNSJ1OT7vGIWpCbms1QJPtWZv root@pve"
                    ],
                    "password": "",
                    "username": "rocky"
                  }
                ],
                "user_data_file_id": "",
                "vendor_data_file_id": ""
              }
            ],
            "ipv4_addresses": [
              [
                "127.0.0.1"
              ],
              [
                "192.168.1.53"
              ],
              [
                "10.85.0.1"
              ],
              [],
              []
            ],
            "ipv6_addresses": [
              [
                "::1"
              ],
              [
                "2403:6200:8958:5138:be24:11ff:fe3f:e146",
                "fe80::be24:11ff:fe3f:e146"
              ],
              [
                "1100:200::1",
                "fe80::904c:41ff:fe76:fbf6"
              ],
              [
                "fe80::89d:88ff:fe6d:50f9"
              ],
              [
                "fe80::3804:82ff:fe8d:9b0e"
              ]
            ],
            "keyboard_layout": "en-us",
            "kvm_arguments": null,
            "mac_addresses": [
              "00:00:00:00:00:00",
              "BC:24:11:3F:E1:46",
              "92:4C:41:76:FB:F6",
              "0A:9D:88:6D:50:F9",
              "3A:04:82:8D:9B:0E"
            ],
            "machine": null,
            "memory": [
              {
                "dedicated": 8192,
                "floating": 0,
                "shared": 0
              }
            ],
            "migrate": false,
            "name": "terraform-worker-1",
            "network_device": [
              {
                "bridge": "vmbr0",
                "enabled": true,
                "firewall": false,
                "mac_address": "BC:24:11:3F:E1:46",
                "model": "virtio",
                "mtu": 0,
                "queues": 0,
                "rate_limit": 0,
                "vlan_id": 0
              }
            ],
            "network_interface_names": [
              "lo",
              "eth0",
              "cni0",
              "vethe3092b1c",
              "veth0e55f746"
            ],
            "node_name": "pve",
            "on_boot": true,
            "operating_system": [],
            "pool_id": null,
            "reboot": false,
            "scsi_hardware": "virtio-scsi-pci",
            "serial_device": [],
            "smbios": [],
            "started": true,
            "startup": [],
            "tablet_device": true,
            "tags": [
              "k8s",
              "rocky-linux"
            ],
            "template": false,
            "timeout_clone": 1800,
            "timeout_create": 1800,
            "timeout_migrate": 1800,
            "timeout_move_disk": 1800,
            "timeout_reboot": 1800,
            "timeout_shutdown_vm": 300,
            "timeout_start_vm": 1800,
            "timeout_stop_vm": 300,
            "usb": [],
            "vga": [],
            "vm_id": 108
          },
          "sensitive_attributes": [],
          "private": "bnVsbA=="
        }
      ]
    }
  ],
  "check_results": null
}
